
Microsoft Visual Studio Solution File, Format Version 12.00
# Visual Studio Version 16
VisualStudioVersion = 16.0.30011.22
MinimumVisualStudioVersion = 10.0.40219.1
Project("{9A19103F-16F7-4668-BE54-9A1E7A4F7556}") = "NorthwindAspNetCore", "NorthwindAspNetCore.csproj", "{DC7C8586-FCDE-4E3F-86A2-65A051AA72E6}"
EndProject
Global
	GlobalSection(SolutionConfigurationPlatforms) = preSolution
		Debug|Any CPU = Debug|Any CPU
		Release|Any CPU = Release|Any CPU
	EndGlobalSection
	GlobalSection(ProjectConfigurationPlatforms) = postSolution
		{DC7C8586-FCDE-4E3F-86A2-65A051AA72E6}.Debug|Any CPU.ActiveCfg = Debug|Any CPU
		{DC7C8586-FCDE-4E3F-86A2-65A051AA72E6}.Debug|Any CPU.Build.0 = Debug|Any CPU
		{DC7C8586-FCDE-4E3F-86A2-65A051AA72E6}.Release|Any CPU.ActiveCfg = Release|Any CPU
		{DC7C8586-FCDE-4E3F-86A2-65A051AA72E6}.Release|Any CPU.Build.0 = Release|Any CPU
	EndGlobalSection
	GlobalSection(SolutionProperties) = preSolution
		HideSolutionNode = FALSE
	EndGlobalSection
	GlobalSection(ExtensibilityGlobals) = postSolution
		SolutionGuid = {C7756DE7-A467-41FC-96FD-8F7C312B58F0}
	EndGlobalSection
EndGlobal
